
Microsoft Visual Studio Solution File, Format Version 12.00
# Visual Studio Version 17
VisualStudioVersion = 17.4.33205.214
MinimumVisualStudioVersion = 10.0.40219.1
Project("{8BC9CEB8-8B4A-11D0-8D11-00A0C91BC942}") = "Card game", "Card game\Card game.vcxproj", "{CDC414DA-F34F-4A59-B249-D2EE8829523F}"
EndProject
Global
	GlobalSection(SolutionConfigurationPlatforms) = preSolution
		Debug|x64 = Debug|x64
		Debug|x86 = Debug|x86
		Release|x64 = Release|x64
		Release|x86 = Release|x86
	EndGlobalSection
	GlobalSection(ProjectConfigurationPlatforms) = postSolution
		{CDC414DA-F34F-4A59-B249-D2EE8829523F}.Debug|x64.ActiveCfg = Debug|x64
		{CDC414DA-F34F-4A59-B249-D2EE8829523F}.Debug|x64.Build.0 = Debug|x64
		{CDC414DA-F34F-4A59-B249-D2EE8829523F}.Debug|x86.ActiveCfg = Debug|Win32
		{CDC414DA-F34F-4A59-B249-D2EE8829523F}.Debug|x86.Build.0 = Debug|Win32
		{CDC414DA-F34F-4A59-B249-D2EE8829523F}.Release|x64.ActiveCfg = Release|x64
		{CDC414DA-F34F-4A59-B249-D2EE8829523F}.Release|x64.Build.0 = Release|x64
		{CDC414DA-F34F-4A59-B249-D2EE8829523F}.Release|x86.ActiveCfg = Release|Win32
		{CDC414DA-F34F-4A59-B249-D2EE8829523F}.Release|x86.Build.0 = Release|Win32
	EndGlobalSection
	GlobalSection(SolutionProperties) = preSolution
		HideSolutionNode = FALSE
	EndGlobalSection
	GlobalSection(ExtensibilityGlobals) = postSolution
		SolutionGuid = {5F6EE90A-7B5E-430D-BF1B-C931E30D4DFE}
	EndGlobalSection
EndGlobal
